// !$*UTF8*$!
{
	archiveVersion = 1;
	classes = {
	};
	objectVersion = 46;
	objects = {

/* Begin PBXBuildFile section */
		95815FAC1B5F87BB00BCED6D /* COTDMostLikedViewController.mm in Sources */ = {isa = PBXBuildFile; fileRef = 95815FAB1B5F87BB00BCED6D /* COTDMostLikedViewController.mm */; };
		95815FAF1B5F88E300BCED6D /* COTDMostLikedCollectionViewCell.mm in Sources */ = {isa = PBXBuildFile; fileRef = 95815FAE1B5F88E300BCED6D /* COTDMostLikedCollectionViewCell.mm */; };
		959BA2041B5F4F7B00B289AB /* COTDAlert.m in Sources */ = {isa = PBXBuildFile; fileRef = 959BA2031B5F4F7B00B289AB /* COTDAlert.m */; };
		95B0F78D1B5DD5C3000BEE94 /* main.m in Sources */ = {isa = PBXBuildFile; fileRef = 95B0F78C1B5DD5C3000BEE94 /* main.m */; };
		95B0F7901B5DD5C3000BEE94 /* COTDAppDelegate.mm in Sources */ = {isa = PBXBuildFile; fileRef = 95B0F78F1B5DD5C3000BEE94 /* COTDAppDelegate.mm */; };
		95B0F7931B5DD5C3000BEE94 /* COTDViewController.mm in Sources */ = {isa = PBXBuildFile; fileRef = 95B0F7921B5DD5C3000BEE94 /* COTDViewController.mm */; };
		95B0F7961B5DD5C3000BEE94 /* Main.storyboard in Resources */ = {isa = PBXBuildFile; fileRef = 95B0F7941B5DD5C3000BEE94 /* Main.storyboard */; };
		95B0F7981B5DD5C3000BEE94 /* Images.xcassets in Resources */ = {isa = PBXBuildFile; fileRef = 95B0F7971B5DD5C3000BEE94 /* Images.xcassets */; };
		95B0F79B1B5DD5C3000BEE94 /* LaunchScreen.xib in Resources */ = {isa = PBXBuildFile; fileRef = 95B0F7991B5DD5C3000BEE94 /* LaunchScreen.xib */; };
		95B0F7A71B5DD5C3000BEE94 /* COTDTests.m in Sources */ = {isa = PBXBuildFile; fileRef = 95B0F7A61B5DD5C3000BEE94 /* COTDTests.m */; };
		95B0F7BF1B5E0D6B000BEE94 /* COTDParse.mm in Sources */ = {isa = PBXBuildFile; fileRef = 95B0F7BE1B5E0D6B000BEE94 /* COTDParse.mm */; };
		95B0F7C21B5E113C000BEE94 /* NSError+COTD.m in Sources */ = {isa = PBXBuildFile; fileRef = 95B0F7C11B5E113C000BEE94 /* NSError+COTD.m */; };
		95B0F7C61B5E1212000BEE94 /* COTDImage.mm in Sources */ = {isa = PBXBuildFile; fileRef = 95B0F7C41B5E1212000BEE94 /* COTDImage.mm */; };
		95B0F7C71B5E16BD000BEE94 /* COTDUserImage.mm in Sources */ = {isa = PBXBuildFile; fileRef = 95B0F7BB1B5E074A000BEE94 /* COTDUserImage.mm */; };
		95B0F7CB1B5E232B000BEE94 /* UIView+COTD.m in Sources */ = {isa = PBXBuildFile; fileRef = 95B0F7CA1B5E232B000BEE94 /* UIView+COTD.m */; };
		95B0F7CE1B5E274E000BEE94 /* NSDate+COTD.m in Sources */ = {isa = PBXBuildFile; fileRef = 95B0F7CD1B5E274E000BEE94 /* NSDate+COTD.m */; };
		95B0F7D11B5E3030000BEE94 /* COTDGoogle.mm in Sources */ = {isa = PBXBuildFile; fileRef = 95B0F7D01B5E3030000BEE94 /* COTDGoogle.mm */; };
		DED9575C25BF4709B6040A16 /* libPods.a in Frameworks */ = {isa = PBXBuildFile; fileRef = 269A886D56DF4157573133BF /* libPods.a */; };
/* End PBXBuildFile section */

/* Begin PBXContainerItemProxy section */
		95B0F7A11B5DD5C3000BEE94 /* PBXContainerItemProxy */ = {
			isa = PBXContainerItemProxy;
			containerPortal = 95B0F77F1B5DD5C3000BEE94 /* Project object */;
			proxyType = 1;
			remoteGlobalIDString = 95B0F7861B5DD5C3000BEE94;
			remoteInfo = COTD;
		};
/* End PBXContainerItemProxy section */

/* Begin PBXFileReference section */
		0A26250100B459F6677E7CE1 /* Pods.release.xcconfig */ = {isa = PBXFileReference; includeInIndex = 1; lastKnownFileType = text.xcconfig; name = Pods.release.xcconfig; path = "Pods/Target Support Files/Pods/Pods.release.xcconfig"; sourceTree = "<group>"; };
		269A886D56DF4157573133BF /* libPods.a */ = {isa = PBXFileReference; explicitFileType = archive.ar; includeInIndex = 0; path = libPods.a; sourceTree = BUILT_PRODUCTS_DIR; };
		95815FAA1B5F87BB00BCED6D /* COTDMostLikedViewController.h */ = {isa = PBXFileReference; fileEncoding = 4; lastKnownFileType = sourcecode.c.h; path = COTDMostLikedViewController.h; sourceTree = "<group>"; };
		95815FAB1B5F87BB00BCED6D /* COTDMostLikedViewController.mm */ = {isa = PBXFileReference; fileEncoding = 4; lastKnownFileType = sourcecode.cpp.objcpp; path = COTDMostLikedViewController.mm; sourceTree = "<group>"; };
		95815FAD1B5F88E300BCED6D /* COTDMostLikedCollectionViewCell.h */ = {isa = PBXFileReference; fileEncoding = 4; lastKnownFileType = sourcecode.c.h; path = COTDMostLikedCollectionViewCell.h; sourceTree = "<group>"; };
		95815FAE1B5F88E300BCED6D /* COTDMostLikedCollectionViewCell.mm */ = {isa = PBXFileReference; fileEncoding = 4; lastKnownFileType = sourcecode.cpp.objcpp; path = COTDMostLikedCollectionViewCell.mm; sourceTree = "<group>"; };
		959BA2021B5F4F7B00B289AB /* COTDAlert.h */ = {isa = PBXFileReference; fileEncoding = 4; lastKnownFileType = sourcecode.c.h; path = COTDAlert.h; sourceTree = "<group>"; };
		959BA2031B5F4F7B00B289AB /* COTDAlert.m */ = {isa = PBXFileReference; fileEncoding = 4; lastKnownFileType = sourcecode.c.objc; path = COTDAlert.m; sourceTree = "<group>"; };
		95B0F7871B5DD5C3000BEE94 /* COTD.app */ = {isa = PBXFileReference; explicitFileType = wrapper.application; includeInIndex = 0; path = COTD.app; sourceTree = BUILT_PRODUCTS_DIR; };
		95B0F78B1B5DD5C3000BEE94 /* Info.plist */ = {isa = PBXFileReference; lastKnownFileType = text.plist.xml; path = Info.plist; sourceTree = "<group>"; };
		95B0F78C1B5DD5C3000BEE94 /* main.m */ = {isa = PBXFileReference; lastKnownFileType = sourcecode.c.objc; path = main.m; sourceTree = "<group>"; };
		95B0F78E1B5DD5C3000BEE94 /* COTDAppDelegate.h */ = {isa = PBXFileReference; lastKnownFileType = sourcecode.c.h; path = COTDAppDelegate.h; sourceTree = "<group>"; };
		95B0F78F1B5DD5C3000BEE94 /* COTDAppDelegate.mm */ = {isa = PBXFileReference; lastKnownFileType = sourcecode.cpp.objcpp; path = COTDAppDelegate.mm; sourceTree = "<group>"; };
		95B0F7911B5DD5C3000BEE94 /* COTDViewController.h */ = {isa = PBXFileReference; lastKnownFileType = sourcecode.c.h; path = COTDViewController.h; sourceTree = "<group>"; };
		95B0F7921B5DD5C3000BEE94 /* COTDViewController.mm */ = {isa = PBXFileReference; lastKnownFileType = sourcecode.cpp.objcpp; path = COTDViewController.mm; sourceTree = "<group>"; };
		95B0F7951B5DD5C3000BEE94 /* Base */ = {isa = PBXFileReference; lastKnownFileType = file.storyboard; name = Base; path = Base.lproj/Main.storyboard; sourceTree = "<group>"; };
		95B0F7971B5DD5C3000BEE94 /* Images.xcassets */ = {isa = PBXFileReference; lastKnownFileType = folder.assetcatalog; path = Images.xcassets; sourceTree = "<group>"; };
		95B0F79A1B5DD5C3000BEE94 /* Base */ = {isa = PBXFileReference; lastKnownFileType = file.xib; name = Base; path = Base.lproj/LaunchScreen.xib; sourceTree = "<group>"; };
		95B0F7A01B5DD5C3000BEE94 /* COTDTests.xctest */ = {isa = PBXFileReference; explicitFileType = wrapper.cfbundle; includeInIndex = 0; path = COTDTests.xctest; sourceTree = BUILT_PRODUCTS_DIR; };
		95B0F7A51B5DD5C3000BEE94 /* Info.plist */ = {isa = PBXFileReference; lastKnownFileType = text.plist.xml; path = Info.plist; sourceTree = "<group>"; };
		95B0F7A61B5DD5C3000BEE94 /* COTDTests.m */ = {isa = PBXFileReference; lastKnownFileType = sourcecode.c.objc; path = COTDTests.m; sourceTree = "<group>"; };
		95B0F7BA1B5E074A000BEE94 /* COTDUserImage.h */ = {isa = PBXFileReference; fileEncoding = 4; lastKnownFileType = sourcecode.c.h; path = COTDUserImage.h; sourceTree = "<group>"; };
		95B0F7BB1B5E074A000BEE94 /* COTDUserImage.mm */ = {isa = PBXFileReference; fileEncoding = 4; lastKnownFileType = sourcecode.cpp.objcpp; path = COTDUserImage.mm; sourceTree = "<group>"; };
		95B0F7BD1B5E0D6B000BEE94 /* COTDParse.h */ = {isa = PBXFileReference; fileEncoding = 4; lastKnownFileType = sourcecode.c.h; path = COTDParse.h; sourceTree = "<group>"; };
		95B0F7BE1B5E0D6B000BEE94 /* COTDParse.mm */ = {isa = PBXFileReference; fileEncoding = 4; lastKnownFileType = sourcecode.cpp.objcpp; path = COTDParse.mm; sourceTree = "<group>"; };
		95B0F7C01B5E113C000BEE94 /* NSError+COTD.h */ = {isa = PBXFileReference; fileEncoding = 4; lastKnownFileType = sourcecode.c.h; name = "NSError+COTD.h"; path = "COTD/NSError+COTD.h"; sourceTree = "<group>"; };
		95B0F7C11B5E113C000BEE94 /* NSError+COTD.m */ = {isa = PBXFileReference; fileEncoding = 4; lastKnownFileType = sourcecode.c.objc; name = "NSError+COTD.m"; path = "COTD/NSError+COTD.m"; sourceTree = "<group>"; };
		95B0F7C41B5E1212000BEE94 /* COTDImage.mm */ = {isa = PBXFileReference; fileEncoding = 4; lastKnownFileType = sourcecode.cpp.objcpp; path = COTDImage.mm; sourceTree = "<group>"; };
		95B0F7C51B5E1212000BEE94 /* COTDImage.h */ = {isa = PBXFileReference; explicitFileType = sourcecode.cpp.h; fileEncoding = 4; path = COTDImage.h; sourceTree = "<group>"; };
		95B0F7C91B5E232B000BEE94 /* UIView+COTD.h */ = {isa = PBXFileReference; fileEncoding = 4; lastKnownFileType = sourcecode.c.h; name = "UIView+COTD.h"; path = "COTD/UIView+COTD.h"; sourceTree = "<group>"; };
		95B0F7CA1B5E232B000BEE94 /* UIView+COTD.m */ = {isa = PBXFileReference; fileEncoding = 4; lastKnownFileType = sourcecode.c.objc; name = "UIView+COTD.m"; path = "COTD/UIView+COTD.m"; sourceTree = "<group>"; };
		95B0F7CC1B5E274E000BEE94 /* NSDate+COTD.h */ = {isa = PBXFileReference; fileEncoding = 4; lastKnownFileType = sourcecode.c.h; name = "NSDate+COTD.h"; path = "COTD/NSDate+COTD.h"; sourceTree = "<group>"; };
		95B0F7CD1B5E274E000BEE94 /* NSDate+COTD.m */ = {isa = PBXFileReference; fileEncoding = 4; lastKnownFileType = sourcecode.c.objc; name = "NSDate+COTD.m"; path = "COTD/NSDate+COTD.m"; sourceTree = "<group>"; };
		95B0F7CF1B5E3030000BEE94 /* COTDGoogle.h */ = {isa = PBXFileReference; fileEncoding = 4; lastKnownFileType = sourcecode.c.h; path = COTDGoogle.h; sourceTree = "<group>"; };
		95B0F7D01B5E3030000BEE94 /* COTDGoogle.mm */ = {isa = PBXFileReference; fileEncoding = 4; lastKnownFileType = sourcecode.cpp.objcpp; path = COTDGoogle.mm; sourceTree = "<group>"; };
		B67DFF434635818C44EC7EA4 /* Pods.debug.xcconfig */ = {isa = PBXFileReference; includeInIndex = 1; lastKnownFileType = text.xcconfig; name = Pods.debug.xcconfig; path = "Pods/Target Support Files/Pods/Pods.debug.xcconfig"; sourceTree = "<group>"; };
/* End PBXFileReference section */

/* Begin PBXFrameworksBuildPhase section */
		95B0F7841B5DD5C3000BEE94 /* Frameworks */ = {
			isa = PBXFrameworksBuildPhase;
			buildActionMask = 2147483647;
			files = (
				DED9575C25BF4709B6040A16 /* libPods.a in Frameworks */,
			);
			runOnlyForDeploymentPostprocessing = 0;
		};
		95B0F79D1B5DD5C3000BEE94 /* Frameworks */ = {
			isa = PBXFrameworksBuildPhase;
			buildActionMask = 2147483647;
			files = (
			);
			runOnlyForDeploymentPostprocessing = 0;
		};
/* End PBXFrameworksBuildPhase section */

/* Begin PBXGroup section */
		7241F2169CCAB9EC14653977 /* Pods */ = {
			isa = PBXGroup;
			children = (
				B67DFF434635818C44EC7EA4 /* Pods.debug.xcconfig */,
				0A26250100B459F6677E7CE1 /* Pods.release.xcconfig */,
			);
			name = Pods;
			sourceTree = "<group>";
		};
		95B0F77E1B5DD5C3000BEE94 = {
			isa = PBXGroup;
			children = (
				95B0F7C81B5E1E3F000BEE94 /* Singleton */,
				95B0F7C31B5E1141000BEE94 /* Categories */,
				95B0F7B91B5DF966000BEE94 /* Model */,
				95B0F7891B5DD5C3000BEE94 /* COTD */,
				95B0F7A31B5DD5C3000BEE94 /* COTDTests */,
				95B0F7881B5DD5C3000BEE94 /* Products */,
				7241F2169CCAB9EC14653977 /* Pods */,
				9B52A3D80D0756A02AE3725A /* Frameworks */,
			);
			sourceTree = "<group>";
		};
		95B0F7881B5DD5C3000BEE94 /* Products */ = {
			isa = PBXGroup;
			children = (
				95B0F7871B5DD5C3000BEE94 /* COTD.app */,
				95B0F7A01B5DD5C3000BEE94 /* COTDTests.xctest */,
			);
			name = Products;
			sourceTree = "<group>";
		};
		95B0F7891B5DD5C3000BEE94 /* COTD */ = {
			isa = PBXGroup;
			children = (
				95B0F78E1B5DD5C3000BEE94 /* COTDAppDelegate.h */,
				95B0F78F1B5DD5C3000BEE94 /* COTDAppDelegate.mm */,
				95B0F7911B5DD5C3000BEE94 /* COTDViewController.h */,
				95B0F7921B5DD5C3000BEE94 /* COTDViewController.mm */,
				95815FAA1B5F87BB00BCED6D /* COTDMostLikedViewController.h */,
				95815FAB1B5F87BB00BCED6D /* COTDMostLikedViewController.mm */,
				95815FAD1B5F88E300BCED6D /* COTDMostLikedCollectionViewCell.h */,
				95815FAE1B5F88E300BCED6D /* COTDMostLikedCollectionViewCell.mm */,
				95B0F7941B5DD5C3000BEE94 /* Main.storyboard */,
				95B0F7971B5DD5C3000BEE94 /* Images.xcassets */,
				95B0F7991B5DD5C3000BEE94 /* LaunchScreen.xib */,
				95B0F78A1B5DD5C3000BEE94 /* Supporting Files */,
				959BA2021B5F4F7B00B289AB /* COTDAlert.h */,
				959BA2031B5F4F7B00B289AB /* COTDAlert.m */,
			);
			path = COTD;
			sourceTree = "<group>";
		};
		95B0F78A1B5DD5C3000BEE94 /* Supporting Files */ = {
			isa = PBXGroup;
			children = (
				95B0F78B1B5DD5C3000BEE94 /* Info.plist */,
				95B0F78C1B5DD5C3000BEE94 /* main.m */,
			);
			name = "Supporting Files";
			sourceTree = "<group>";
		};
		95B0F7A31B5DD5C3000BEE94 /* COTDTests */ = {
			isa = PBXGroup;
			children = (
				95B0F7A61B5DD5C3000BEE94 /* COTDTests.m */,
				95B0F7A41B5DD5C3000BEE94 /* Supporting Files */,
			);
			path = COTDTests;
			sourceTree = "<group>";
		};
		95B0F7A41B5DD5C3000BEE94 /* Supporting Files */ = {
			isa = PBXGroup;
			children = (
				95B0F7A51B5DD5C3000BEE94 /* Info.plist */,
			);
			name = "Supporting Files";
			sourceTree = "<group>";
		};
		95B0F7B91B5DF966000BEE94 /* Model */ = {
			isa = PBXGroup;
			children = (
				95B0F7C51B5E1212000BEE94 /* COTDImage.h */,
				95B0F7C41B5E1212000BEE94 /* COTDImage.mm */,
				95B0F7BA1B5E074A000BEE94 /* COTDUserImage.h */,
				95B0F7BB1B5E074A000BEE94 /* COTDUserImage.mm */,
			);
			name = Model;
			path = COTD;
			sourceTree = "<group>";
		};
		95B0F7C31B5E1141000BEE94 /* Categories */ = {
			isa = PBXGroup;
			children = (
				95B0F7C01B5E113C000BEE94 /* NSError+COTD.h */,
				95B0F7C11B5E113C000BEE94 /* NSError+COTD.m */,
				95B0F7C91B5E232B000BEE94 /* UIView+COTD.h */,
				95B0F7CA1B5E232B000BEE94 /* UIView+COTD.m */,
				95B0F7CC1B5E274E000BEE94 /* NSDate+COTD.h */,
				95B0F7CD1B5E274E000BEE94 /* NSDate+COTD.m */,
			);
			name = Categories;
			sourceTree = "<group>";
		};
		95B0F7C81B5E1E3F000BEE94 /* Singleton */ = {
			isa = PBXGroup;
			children = (
				95B0F7BD1B5E0D6B000BEE94 /* COTDParse.h */,
				95B0F7BE1B5E0D6B000BEE94 /* COTDParse.mm */,
				95B0F7CF1B5E3030000BEE94 /* COTDGoogle.h */,
				95B0F7D01B5E3030000BEE94 /* COTDGoogle.mm */,
			);
			name = Singleton;
			path = COTD;
			sourceTree = "<group>";
		};
		9B52A3D80D0756A02AE3725A /* Frameworks */ = {
			isa = PBXGroup;
			children = (
				269A886D56DF4157573133BF /* libPods.a */,
			);
			name = Frameworks;
			sourceTree = "<group>";
		};
/* End PBXGroup section */

/* Begin PBXNativeTarget section */
		95B0F7861B5DD5C3000BEE94 /* COTD */ = {
			isa = PBXNativeTarget;
			buildConfigurationList = 95B0F7AA1B5DD5C3000BEE94 /* Build configuration list for PBXNativeTarget "COTD" */;
			buildPhases = (
				DF978480AD4A2BE5543813EA /* Check Pods Manifest.lock */,
				95B0F7831B5DD5C3000BEE94 /* Sources */,
				95B0F7841B5DD5C3000BEE94 /* Frameworks */,
				95B0F7851B5DD5C3000BEE94 /* Resources */,
				0739BD442AA985C0B8AD4EC5 /* Copy Pods Resources */,
			);
			buildRules = (
			);
			dependencies = (
			);
			name = COTD;
			productName = COTD;
			productReference = 95B0F7871B5DD5C3000BEE94 /* COTD.app */;
			productType = "com.apple.product-type.application";
		};
		95B0F79F1B5DD5C3000BEE94 /* COTDTests */ = {
			isa = PBXNativeTarget;
			buildConfigurationList = 95B0F7AD1B5DD5C3000BEE94 /* Build configuration list for PBXNativeTarget "COTDTests" */;
			buildPhases = (
				95B0F79C1B5DD5C3000BEE94 /* Sources */,
				95B0F79D1B5DD5C3000BEE94 /* Frameworks */,
				95B0F79E1B5DD5C3000BEE94 /* Resources */,
			);
			buildRules = (
			);
			dependencies = (
				95B0F7A21B5DD5C3000BEE94 /* PBXTargetDependency */,
			);
			name = COTDTests;
			productName = COTDTests;
			productReference = 95B0F7A01B5DD5C3000BEE94 /* COTDTests.xctest */;
			productType = "com.apple.product-type.bundle.unit-test";
		};
/* End PBXNativeTarget section */

/* Begin PBXProject section */
		95B0F77F1B5DD5C3000BEE94 /* Project object */ = {
			isa = PBXProject;
			attributes = {
				LastUpgradeCheck = 0640;
				ORGANIZATIONNAME = "Javier Fuchs";
				TargetAttributes = {
					95B0F7861B5DD5C3000BEE94 = {
						CreatedOnToolsVersion = 6.4;
					};
					95B0F79F1B5DD5C3000BEE94 = {
						CreatedOnToolsVersion = 6.4;
						TestTargetID = 95B0F7861B5DD5C3000BEE94;
					};
				};
			};
			buildConfigurationList = 95B0F7821B5DD5C3000BEE94 /* Build configuration list for PBXProject "COTD" */;
			compatibilityVersion = "Xcode 3.2";
			developmentRegion = English;
			hasScannedForEncodings = 0;
			knownRegions = (
				en,
				Base,
			);
			mainGroup = 95B0F77E1B5DD5C3000BEE94;
			productRefGroup = 95B0F7881B5DD5C3000BEE94 /* Products */;
			projectDirPath = "";
			projectRoot = "";
			targets = (
				95B0F7861B5DD5C3000BEE94 /* COTD */,
				95B0F79F1B5DD5C3000BEE94 /* COTDTests */,
			);
		};
/* End PBXProject section */

/* Begin PBXResourcesBuildPhase section */
		95B0F7851B5DD5C3000BEE94 /* Resources */ = {
			isa = PBXResourcesBuildPhase;
			buildActionMask = 2147483647;
			files = (
				95B0F7961B5DD5C3000BEE94 /* Main.storyboard in Resources */,
				95B0F79B1B5DD5C3000BEE94 /* LaunchScreen.xib in Resources */,
				95B0F7981B5DD5C3000BEE94 /* Images.xcassets in Resources */,
			);
			runOnlyForDeploymentPostprocessing = 0;
		};
		95B0F79E1B5DD5C3000BEE94 /* Resources */ = {
			isa = PBXResourcesBuildPhase;
			buildActionMask = 2147483647;
			files = (
			);
			runOnlyForDeploymentPostprocessing = 0;
		};
/* End PBXResourcesBuildPhase section */

/* Begin PBXShellScriptBuildPhase section */
		0739BD442AA985C0B8AD4EC5 /* Copy Pods Resources */ = {
			isa = PBXShellScriptBuildPhase;
			buildActionMask = 2147483647;
			files = (
			);
			inputPaths = (
			);
			name = "Copy Pods Resources";
			outputPaths = (
			);
			runOnlyForDeploymentPostprocessing = 0;
			shellPath = /bin/sh;
			shellScript = "\"${SRCROOT}/Pods/Target Support Files/Pods/Pods-resources.sh\"\n";
			showEnvVarsInLog = 0;
		};
		DF978480AD4A2BE5543813EA /* Check Pods Manifest.lock */ = {
			isa = PBXShellScriptBuildPhase;
			buildActionMask = 2147483647;
			files = (
			);
			inputPaths = (
			);
			name = "Check Pods Manifest.lock";
			outputPaths = (
			);
			runOnlyForDeploymentPostprocessing = 0;
			shellPath = /bin/sh;
			shellScript = "diff \"${PODS_ROOT}/../Podfile.lock\" \"${PODS_ROOT}/Manifest.lock\" > /dev/null\nif [[ $? != 0 ]] ; then\n    cat << EOM\nerror: The sandbox is not in sync with the Podfile.lock. Run 'pod install' or update your CocoaPods installation.\nEOM\n    exit 1\nfi\n";
			showEnvVarsInLog = 0;
		};
/* End PBXShellScriptBuildPhase section */

/* Begin PBXSourcesBuildPhase section */
		95B0F7831B5DD5C3000BEE94 /* Sources */ = {
			isa = PBXSourcesBuildPhase;
			buildActionMask = 2147483647;
			files = (
				95B0F7931B5DD5C3000BEE94 /* COTDViewController.mm in Sources */,
				95B0F7C61B5E1212000BEE94 /* COTDImage.mm in Sources */,
				95B0F7C71B5E16BD000BEE94 /* COTDUserImage.mm in Sources */,
				959BA2041B5F4F7B00B289AB /* COTDAlert.m in Sources */,
				95B0F7C21B5E113C000BEE94 /* NSError+COTD.m in Sources */,
				95815FAC1B5F87BB00BCED6D /* COTDMostLikedViewController.mm in Sources */,
				95B0F7BF1B5E0D6B000BEE94 /* COTDParse.mm in Sources */,
				95815FAF1B5F88E300BCED6D /* COTDMostLikedCollectionViewCell.mm in Sources */,
				95B0F7901B5DD5C3000BEE94 /* COTDAppDelegate.mm in Sources */,
				95B0F7CB1B5E232B000BEE94 /* UIView+COTD.m in Sources */,
				95B0F78D1B5DD5C3000BEE94 /* main.m in Sources */,
				95B0F7D11B5E3030000BEE94 /* COTDGoogle.mm in Sources */,
				95B0F7CE1B5E274E000BEE94 /* NSDate+COTD.m in Sources */,
			);
			runOnlyForDeploymentPostprocessing = 0;
		};
		95B0F79C1B5DD5C3000BEE94 /* Sources */ = {
			isa = PBXSourcesBuildPhase;
			buildActionMask = 2147483647;
			files = (
				95B0F7A71B5DD5C3000BEE94 /* COTDTests.m in Sources */,
			);
			runOnlyForDeploymentPostprocessing = 0;
		};
/* End PBXSourcesBuildPhase section */

/* Begin PBXTargetDependency section */
		95B0F7A21B5DD5C3000BEE94 /* PBXTargetDependency */ = {
			isa = PBXTargetDependency;
			target = 95B0F7861B5DD5C3000BEE94 /* COTD */;
			targetProxy = 95B0F7A11B5DD5C3000BEE94 /* PBXContainerItemProxy */;
		};
/* End PBXTargetDependency section */

/* Begin PBXVariantGroup section */
		95B0F7941B5DD5C3000BEE94 /* Main.storyboard */ = {
			isa = PBXVariantGroup;
			children = (
				95B0F7951B5DD5C3000BEE94 /* Base */,
			);
			name = Main.storyboard;
			sourceTree = "<group>";
		};
		95B0F7991B5DD5C3000BEE94 /* LaunchScreen.xib */ = {
			isa = PBXVariantGroup;
			children = (
				95B0F79A1B5DD5C3000BEE94 /* Base */,
			);
			name = LaunchScreen.xib;
			sourceTree = "<group>";
		};
/* End PBXVariantGroup section */

/* Begin XCBuildConfiguration section */
		95B0F7A81B5DD5C3000BEE94 /* Debug */ = {
			isa = XCBuildConfiguration;
			buildSettings = {
				ALWAYS_SEARCH_USER_PATHS = NO;
				CLANG_CXX_LANGUAGE_STANDARD = "gnu++0x";
				CLANG_CXX_LIBRARY = "libc++";
				CLANG_ENABLE_MODULES = YES;
				CLANG_ENABLE_OBJC_ARC = YES;
				CLANG_WARN_BOOL_CONVERSION = YES;
				CLANG_WARN_CONSTANT_CONVERSION = YES;
				CLANG_WARN_DIRECT_OBJC_ISA_USAGE = YES_ERROR;
				CLANG_WARN_EMPTY_BODY = YES;
				CLANG_WARN_ENUM_CONVERSION = YES;
				CLANG_WARN_INT_CONVERSION = YES;
				CLANG_WARN_OBJC_ROOT_CLASS = YES_ERROR;
				CLANG_WARN_UNREACHABLE_CODE = YES;
				CLANG_WARN__DUPLICATE_METHOD_MATCH = YES;
				"CODE_SIGN_IDENTITY[sdk=iphoneos*]" = "iPhone Developer";
				COPY_PHASE_STRIP = NO;
				DEBUG_INFORMATION_FORMAT = "dwarf-with-dsym";
				ENABLE_STRICT_OBJC_MSGSEND = YES;
				GCC_C_LANGUAGE_STANDARD = gnu99;
				GCC_DYNAMIC_NO_PIC = NO;
				GCC_NO_COMMON_BLOCKS = YES;
				GCC_OPTIMIZATION_LEVEL = 0;
				GCC_PREPROCESSOR_DEFINITIONS = (
					"DEBUG=1",
					"$(inherited)",
				);
				GCC_SYMBOLS_PRIVATE_EXTERN = NO;
				GCC_WARN_64_TO_32_BIT_CONVERSION = YES;
				GCC_WARN_ABOUT_RETURN_TYPE = YES_ERROR;
				GCC_WARN_UNDECLARED_SELECTOR = YES;
				GCC_WARN_UNINITIALIZED_AUTOS = YES_AGGRESSIVE;
				GCC_WARN_UNUSED_FUNCTION = YES;
				GCC_WARN_UNUSED_VARIABLE = YES;
				IPHONEOS_DEPLOYMENT_TARGET = 8.4;
				MTL_ENABLE_DEBUG_INFO = YES;
				ONLY_ACTIVE_ARCH = YES;
				SDKROOT = iphoneos;
			};
			name = Debug;
		};
		95B0F7A91B5DD5C3000BEE94 /* Release */ = {
			isa = XCBuildConfiguration;
			buildSettings = {
				ALWAYS_SEARCH_USER_PATHS = NO;
				CLANG_CXX_LANGUAGE_STANDARD = "gnu++0x";
				CLANG_CXX_LIBRARY = "libc++";
				CLANG_ENABLE_MODULES = YES;
				CLANG_ENABLE_OBJC_ARC = YES;
				CLANG_WARN_BOOL_CONVERSION = YES;
				CLANG_WARN_CONSTANT_CONVERSION = YES;
				CLANG_WARN_DIRECT_OBJC_ISA_USAGE = YES_ERROR;
				CLANG_WARN_EMPTY_BODY = YES;
				CLANG_WARN_ENUM_CONVERSION = YES;
				CLANG_WARN_INT_CONVERSION = YES;
				CLANG_WARN_OBJC_ROOT_CLASS = YES_ERROR;
				CLANG_WARN_UNREACHABLE_CODE = YES;
				CLANG_WARN__DUPLICATE_METHOD_MATCH = YES;
				"CODE_SIGN_IDENTITY[sdk=iphoneos*]" = "iPhone Developer";
				COPY_PHASE_STRIP = NO;
				DEBUG_INFORMATION_FORMAT = "dwarf-with-dsym";
				ENABLE_NS_ASSERTIONS = NO;
				ENABLE_STRICT_OBJC_MSGSEND = YES;
				GCC_C_LANGUAGE_STANDARD = gnu99;
				GCC_NO_COMMON_BLOCKS = YES;
				GCC_WARN_64_TO_32_BIT_CONVERSION = YES;
				GCC_WARN_ABOUT_RETURN_TYPE = YES_ERROR;
				GCC_WARN_UNDECLARED_SELECTOR = YES;
				GCC_WARN_UNINITIALIZED_AUTOS = YES_AGGRESSIVE;
				GCC_WARN_UNUSED_FUNCTION = YES;
				GCC_WARN_UNUSED_VARIABLE = YES;
				IPHONEOS_DEPLOYMENT_TARGET = 8.4;
				MTL_ENABLE_DEBUG_INFO = NO;
				SDKROOT = iphoneos;
				VALIDATE_PRODUCT = YES;
			};
			name = Release;
		};
		95B0F7AB1B5DD5C3000BEE94 /* Debug */ = {
			isa = XCBuildConfiguration;
			baseConfigurationReference = B67DFF434635818C44EC7EA4 /* Pods.debug.xcconfig */;
			buildSettings = {
				ASSETCATALOG_COMPILER_APPICON_NAME = AppIcon;
				INFOPLIST_FILE = COTD/Info.plist;
				LD_RUNPATH_SEARCH_PATHS = "$(inherited) @executable_path/Frameworks";
				PRODUCT_NAME = "$(TARGET_NAME)";
			};
			name = Debug;
		};
		95B0F7AC1B5DD5C3000BEE94 /* Release */ = {
			isa = XCBuildConfiguration;
			baseConfigurationReference = 0A26250100B459F6677E7CE1 /* Pods.release.xcconfig */;
			buildSettings = {
				ASSETCATALOG_COMPILER_APPICON_NAME = AppIcon;
				INFOPLIST_FILE = COTD/Info.plist;
				LD_RUNPATH_SEARCH_PATHS = "$(inherited) @executable_path/Frameworks";
				PRODUCT_NAME = "$(TARGET_NAME)";
			};
			name = Release;
		};
		95B0F7AE1B5DD5C3000BEE94 /* Debug */ = {
			isa = XCBuildConfiguration;
			buildSettings = {
				BUNDLE_LOADER = "$(TEST_HOST)";
				FRAMEWORK_SEARCH_PATHS = (
					"$(SDKROOT)/Developer/Library/Frameworks",
					"$(inherited)",
				);
				GCC_PREPROCESSOR_DEFINITIONS = (
					"DEBUG=1",
					"$(inherited)",
				);
				INFOPLIST_FILE = COTDTests/Info.plist;
				LD_RUNPATH_SEARCH_PATHS = "$(inherited) @executable_path/Frameworks @loader_path/Frameworks";
				PRODUCT_NAME = "$(TARGET_NAME)";
				TEST_HOST = "$(BUILT_PRODUCTS_DIR)/COTD.app/COTD";
			};
			name = Debug;
		};
		95B0F7AF1B5DD5C3000BEE94 /* Release */ = {
			isa = XCBuildConfiguration;
			buildSettings = {
				BUNDLE_LOADER = "$(TEST_HOST)";
				FRAMEWORK_SEARCH_PATHS = (
					"$(SDKROOT)/Developer/Library/Frameworks",
					"$(inherited)",
				);
				INFOPLIST_FILE = COTDTests/Info.plist;
				LD_RUNPATH_SEARCH_PATHS = "$(inherited) @executable_path/Frameworks @loader_path/Frameworks";
				PRODUCT_NAME = "$(TARGET_NAME)";
				TEST_HOST = "$(BUILT_PRODUCTS_DIR)/COTD.app/COTD";
			};
			name = Release;
		};
/* End XCBuildConfiguration section */

/* Begin XCConfigurationList section */
		95B0F7821B5DD5C3000BEE94 /* Build configuration list for PBXProject "COTD" */ = {
			isa = XCConfigurationList;
			buildConfigurations = (
				95B0F7A81B5DD5C3000BEE94 /* Debug */,
				95B0F7A91B5DD5C3000BEE94 /* Release */,
			);
			defaultConfigurationIsVisible = 0;
			defaultConfigurationName = Release;
		};
		95B0F7AA1B5DD5C3000BEE94 /* Build configuration list for PBXNativeTarget "COTD" */ = {
			isa = XCConfigurationList;
			buildConfigurations = (
				95B0F7AB1B5DD5C3000BEE94 /* Debug */,
				95B0F7AC1B5DD5C3000BEE94 /* Release */,
			);
			defaultConfigurationIsVisible = 0;
			defaultConfigurationName = Release;
		};
		95B0F7AD1B5DD5C3000BEE94 /* Build configuration list for PBXNativeTarget "COTDTests" */ = {
			isa = XCConfigurationList;
			buildConfigurations = (
				95B0F7AE1B5DD5C3000BEE94 /* Debug */,
				95B0F7AF1B5DD5C3000BEE94 /* Release */,
			);
			defaultConfigurationIsVisible = 0;
			defaultConfigurationName = Release;
		};
/* End XCConfigurationList section */
	};
	rootObject = 95B0F77F1B5DD5C3000BEE94 /* Project object */;
}
